
Microsoft Visual Studio Solution File, Format Version 12.00
# Visual Studio Version 17
VisualStudioVersion = 17.5.002.0
MinimumVisualStudioVersion = 10.0.40219.1
Project("{9A19103F-16F7-4668-BE54-9A1E7A4F7556}") = "TodoApi", "TodoApi\TodoApi.csproj", "{B34E5B2D-4C2D-43A7-8869-FA7F458988E2}"
EndProject
Project("{FAE04EC0-301F-11D3-BF4B-00C04F79EFBC}") = "Core", "Domain\Core.csproj", "{62CAD111-BF76-45BF-A6CF-5663F79A2478}"
EndProject
Global
	GlobalSection(SolutionConfigurationPlatforms) = preSolution
		Debug|Any CPU = Debug|Any CPU
		Release|Any CPU = Release|Any CPU
	EndGlobalSection
	GlobalSection(ProjectConfigurationPlatforms) = postSolution
		{B34E5B2D-4C2D-43A7-8869-FA7F458988E2}.Debug|Any CPU.ActiveCfg = Debug|Any CPU
		{B34E5B2D-4C2D-43A7-8869-FA7F458988E2}.Debug|Any CPU.Build.0 = Debug|Any CPU
		{B34E5B2D-4C2D-43A7-8869-FA7F458988E2}.Release|Any CPU.ActiveCfg = Release|Any CPU
		{B34E5B2D-4C2D-43A7-8869-FA7F458988E2}.Release|Any CPU.Build.0 = Release|Any CPU
		{62CAD111-BF76-45BF-A6CF-5663F79A2478}.Debug|Any CPU.ActiveCfg = Debug|Any CPU
		{62CAD111-BF76-45BF-A6CF-5663F79A2478}.Debug|Any CPU.Build.0 = Debug|Any CPU
		{62CAD111-BF76-45BF-A6CF-5663F79A2478}.Release|Any CPU.ActiveCfg = Release|Any CPU
		{62CAD111-BF76-45BF-A6CF-5663F79A2478}.Release|Any CPU.Build.0 = Release|Any CPU
	EndGlobalSection
	GlobalSection(SolutionProperties) = preSolution
		HideSolutionNode = FALSE
	EndGlobalSection
	GlobalSection(ExtensibilityGlobals) = postSolution
		SolutionGuid = {5668F35F-C3DD-4803-81D8-BA98332FB19D}
	EndGlobalSection
EndGlobal
